
Microsoft Visual Studio Solution File, Format Version 12.00
# Visual Studio Version 17
VisualStudioVersion = 17.9.34701.34
MinimumVisualStudioVersion = 10.0.40219.1
Project("{FAE04EC0-301F-11D3-BF4B-00C04F79EFBC}") = "Dulich", "Dulich\Dulich.csproj", "{1C95F1A3-162D-40A1-B3F3-18AE7C15B49A}"
EndProject
Global
	GlobalSection(SolutionConfigurationPlatforms) = preSolution
		Debug|Any CPU = Debug|Any CPU
		Release|Any CPU = Release|Any CPU
	EndGlobalSection
	GlobalSection(ProjectConfigurationPlatforms) = postSolution
		{1C95F1A3-162D-40A1-B3F3-18AE7C15B49A}.Debug|Any CPU.ActiveCfg = Debug|Any CPU
		{1C95F1A3-162D-40A1-B3F3-18AE7C15B49A}.Debug|Any CPU.Build.0 = Debug|Any CPU
		{1C95F1A3-162D-40A1-B3F3-18AE7C15B49A}.Release|Any CPU.ActiveCfg = Release|Any CPU
		{1C95F1A3-162D-40A1-B3F3-18AE7C15B49A}.Release|Any CPU.Build.0 = Release|Any CPU
	EndGlobalSection
	GlobalSection(SolutionProperties) = preSolution
		HideSolutionNode = FALSE
	EndGlobalSection
	GlobalSection(ExtensibilityGlobals) = postSolution
		SolutionGuid = {7C8BDDBD-86CB-4ED9-9194-78E9378769C6}
	EndGlobalSection
EndGlobal
